// !$*UTF8*$!
{
	archiveVersion = 1;
	classes = {
	};
	objectVersion = 50;
	objects = {

/* Begin PBXBuildFile section */
		DC5A7F7F224EE55400825025 /* AppDelegate.swift in Sources */ = {isa = PBXBuildFile; fileRef = DC5A7F7E224EE55400825025 /* AppDelegate.swift */; };
		DC5A7F81224EE55400825025 /* PlayersViewController.swift in Sources */ = {isa = PBXBuildFile; fileRef = DC5A7F80224EE55400825025 /* PlayersViewController.swift */; };
		DC5A7F84224EE55400825025 /* Main.storyboard in Resources */ = {isa = PBXBuildFile; fileRef = DC5A7F82224EE55400825025 /* Main.storyboard */; };
		DC5A7F87224EE55400825025 /* MaddenRatings.xcdatamodeld in Sources */ = {isa = PBXBuildFile; fileRef = DC5A7F85224EE55400825025 /* MaddenRatings.xcdatamodeld */; };
		DC5A7F89224EE55500825025 /* Assets.xcassets in Resources */ = {isa = PBXBuildFile; fileRef = DC5A7F88224EE55500825025 /* Assets.xcassets */; };
		DC5A7F8C224EE55500825025 /* LaunchScreen.storyboard in Resources */ = {isa = PBXBuildFile; fileRef = DC5A7F8A224EE55500825025 /* LaunchScreen.storyboard */; };
		DC5A7F97224EE55600825025 /* MaddenRatingsTests.swift in Sources */ = {isa = PBXBuildFile; fileRef = DC5A7F96224EE55600825025 /* MaddenRatingsTests.swift */; };
		DC5A7FA2224EE55600825025 /* MaddenRatingsUITests.swift in Sources */ = {isa = PBXBuildFile; fileRef = DC5A7FA1224EE55600825025 /* MaddenRatingsUITests.swift */; };
		DC5A7FB0224EE63800825025 /* Roster.swift in Sources */ = {isa = PBXBuildFile; fileRef = DC5A7FAF224EE63800825025 /* Roster.swift */; };
		DC5A7FB2224EE80B00825025 /* PlayersViewModel.swift in Sources */ = {isa = PBXBuildFile; fileRef = DC5A7FB1224EE80B00825025 /* PlayersViewModel.swift */; };
		DC5A7FB4224EE82A00825025 /* PlayerCollectionViewCell.swift in Sources */ = {isa = PBXBuildFile; fileRef = DC5A7FB3224EE82A00825025 /* PlayerCollectionViewCell.swift */; };
		DC5A7FB6224EE8C100825025 /* UIImageViewExtension.swift in Sources */ = {isa = PBXBuildFile; fileRef = DC5A7FB5224EE8C100825025 /* UIImageViewExtension.swift */; };
		DC5A7FB8224EE94500825025 /* Colours.swift in Sources */ = {isa = PBXBuildFile; fileRef = DC5A7FB7224EE94500825025 /* Colours.swift */; };
/* End PBXBuildFile section */

/* Begin PBXContainerItemProxy section */
		DC5A7F93224EE55600825025 /* PBXContainerItemProxy */ = {
			isa = PBXContainerItemProxy;
			containerPortal = DC5A7F73224EE55400825025 /* Project object */;
			proxyType = 1;
			remoteGlobalIDString = DC5A7F7A224EE55400825025;
			remoteInfo = MaddenRatings;
		};
		DC5A7F9E224EE55600825025 /* PBXContainerItemProxy */ = {
			isa = PBXContainerItemProxy;
			containerPortal = DC5A7F73224EE55400825025 /* Project object */;
			proxyType = 1;
			remoteGlobalIDString = DC5A7F7A224EE55400825025;
			remoteInfo = MaddenRatings;
		};
/* End PBXContainerItemProxy section */

/* Begin PBXFileReference section */
		DC5A7F7B224EE55400825025 /* MaddenRatings.app */ = {isa = PBXFileReference; explicitFileType = wrapper.application; includeInIndex = 0; path = MaddenRatings.app; sourceTree = BUILT_PRODUCTS_DIR; };
		DC5A7F7E224EE55400825025 /* AppDelegate.swift */ = {isa = PBXFileReference; lastKnownFileType = sourcecode.swift; path = AppDelegate.swift; sourceTree = "<group>"; };
		DC5A7F80224EE55400825025 /* PlayersViewController.swift */ = {isa = PBXFileReference; lastKnownFileType = sourcecode.swift; path = PlayersViewController.swift; sourceTree = "<group>"; };
		DC5A7F83224EE55400825025 /* Base */ = {isa = PBXFileReference; lastKnownFileType = file.storyboard; name = Base; path = Base.lproj/Main.storyboard; sourceTree = "<group>"; };
		DC5A7F86224EE55400825025 /* MaddenRatings.xcdatamodel */ = {isa = PBXFileReference; lastKnownFileType = wrapper.xcdatamodel; path = MaddenRatings.xcdatamodel; sourceTree = "<group>"; };
		DC5A7F88224EE55500825025 /* Assets.xcassets */ = {isa = PBXFileReference; lastKnownFileType = folder.assetcatalog; path = Assets.xcassets; sourceTree = "<group>"; };
		DC5A7F8B224EE55500825025 /* Base */ = {isa = PBXFileReference; lastKnownFileType = file.storyboard; name = Base; path = Base.lproj/LaunchScreen.storyboard; sourceTree = "<group>"; };
		DC5A7F8D224EE55500825025 /* Info.plist */ = {isa = PBXFileReference; lastKnownFileType = text.plist.xml; path = Info.plist; sourceTree = "<group>"; };
		DC5A7F92224EE55600825025 /* MaddenRatingsTests.xctest */ = {isa = PBXFileReference; explicitFileType = wrapper.cfbundle; includeInIndex = 0; path = MaddenRatingsTests.xctest; sourceTree = BUILT_PRODUCTS_DIR; };
		DC5A7F96224EE55600825025 /* MaddenRatingsTests.swift */ = {isa = PBXFileReference; lastKnownFileType = sourcecode.swift; path = MaddenRatingsTests.swift; sourceTree = "<group>"; };
		DC5A7F98224EE55600825025 /* Info.plist */ = {isa = PBXFileReference; lastKnownFileType = text.plist.xml; path = Info.plist; sourceTree = "<group>"; };
		DC5A7F9D224EE55600825025 /* MaddenRatingsUITests.xctest */ = {isa = PBXFileReference; explicitFileType = wrapper.cfbundle; includeInIndex = 0; path = MaddenRatingsUITests.xctest; sourceTree = BUILT_PRODUCTS_DIR; };
		DC5A7FA1224EE55600825025 /* MaddenRatingsUITests.swift */ = {isa = PBXFileReference; lastKnownFileType = sourcecode.swift; path = MaddenRatingsUITests.swift; sourceTree = "<group>"; };
		DC5A7FA3224EE55600825025 /* Info.plist */ = {isa = PBXFileReference; lastKnownFileType = text.plist.xml; path = Info.plist; sourceTree = "<group>"; };
		DC5A7FAF224EE63800825025 /* Roster.swift */ = {isa = PBXFileReference; lastKnownFileType = sourcecode.swift; path = Roster.swift; sourceTree = "<group>"; };
		DC5A7FB1224EE80B00825025 /* PlayersViewModel.swift */ = {isa = PBXFileReference; lastKnownFileType = sourcecode.swift; path = PlayersViewModel.swift; sourceTree = "<group>"; };
		DC5A7FB3224EE82A00825025 /* PlayerCollectionViewCell.swift */ = {isa = PBXFileReference; lastKnownFileType = sourcecode.swift; path = PlayerCollectionViewCell.swift; sourceTree = "<group>"; };
		DC5A7FB5224EE8C100825025 /* UIImageViewExtension.swift */ = {isa = PBXFileReference; fileEncoding = 4; lastKnownFileType = sourcecode.swift; path = UIImageViewExtension.swift; sourceTree = "<group>"; };
		DC5A7FB7224EE94500825025 /* Colours.swift */ = {isa = PBXFileReference; fileEncoding = 4; lastKnownFileType = sourcecode.swift; path = Colours.swift; sourceTree = "<group>"; };
/* End PBXFileReference section */

/* Begin PBXFrameworksBuildPhase section */
		DC5A7F78224EE55400825025 /* Frameworks */ = {
			isa = PBXFrameworksBuildPhase;
			buildActionMask = 2147483647;
			files = (
			);
			runOnlyForDeploymentPostprocessing = 0;
		};
		DC5A7F8F224EE55600825025 /* Frameworks */ = {
			isa = PBXFrameworksBuildPhase;
			buildActionMask = 2147483647;
			files = (
			);
			runOnlyForDeploymentPostprocessing = 0;
		};
		DC5A7F9A224EE55600825025 /* Frameworks */ = {
			isa = PBXFrameworksBuildPhase;
			buildActionMask = 2147483647;
			files = (
			);
			runOnlyForDeploymentPostprocessing = 0;
		};
/* End PBXFrameworksBuildPhase section */

/* Begin PBXGroup section */
		DC5A7F72224EE55400825025 = {
			isa = PBXGroup;
			children = (
				DC5A7F7D224EE55400825025 /* MaddenRatings */,
				DC5A7F95224EE55600825025 /* MaddenRatingsTests */,
				DC5A7FA0224EE55600825025 /* MaddenRatingsUITests */,
				DC5A7F7C224EE55400825025 /* Products */,
			);
			sourceTree = "<group>";
		};
		DC5A7F7C224EE55400825025 /* Products */ = {
			isa = PBXGroup;
			children = (
				DC5A7F7B224EE55400825025 /* MaddenRatings.app */,
				DC5A7F92224EE55600825025 /* MaddenRatingsTests.xctest */,
				DC5A7F9D224EE55600825025 /* MaddenRatingsUITests.xctest */,
			);
			name = Products;
			sourceTree = "<group>";
		};
		DC5A7F7D224EE55400825025 /* MaddenRatings */ = {
			isa = PBXGroup;
			children = (
				DC5A7F7E224EE55400825025 /* AppDelegate.swift */,
				DC5A7F80224EE55400825025 /* PlayersViewController.swift */,
				DC5A7FB1224EE80B00825025 /* PlayersViewModel.swift */,
				DC5A7FB3224EE82A00825025 /* PlayerCollectionViewCell.swift */,
				DC5A7FAF224EE63800825025 /* Roster.swift */,
				DC5A7F82224EE55400825025 /* Main.storyboard */,
				DC5A7FB5224EE8C100825025 /* UIImageViewExtension.swift */,
				DC5A7FB7224EE94500825025 /* Colours.swift */,
				DC5A7F88224EE55500825025 /* Assets.xcassets */,
				DC5A7F8A224EE55500825025 /* LaunchScreen.storyboard */,
				DC5A7F8D224EE55500825025 /* Info.plist */,
				DC5A7F85224EE55400825025 /* MaddenRatings.xcdatamodeld */,
			);
			path = MaddenRatings;
			sourceTree = "<group>";
		};
		DC5A7F95224EE55600825025 /* MaddenRatingsTests */ = {
			isa = PBXGroup;
			children = (
				DC5A7F96224EE55600825025 /* MaddenRatingsTests.swift */,
				DC5A7F98224EE55600825025 /* Info.plist */,
			);
			path = MaddenRatingsTests;
			sourceTree = "<group>";
		};
		DC5A7FA0224EE55600825025 /* MaddenRatingsUITests */ = {
			isa = PBXGroup;
			children = (
				DC5A7FA1224EE55600825025 /* MaddenRatingsUITests.swift */,
				DC5A7FA3224EE55600825025 /* Info.plist */,
			);
			path = MaddenRatingsUITests;
			sourceTree = "<group>";
		};
/* End PBXGroup section */

/* Begin PBXNativeTarget section */
		DC5A7F7A224EE55400825025 /* MaddenRatings */ = {
			isa = PBXNativeTarget;
			buildConfigurationList = DC5A7FA6224EE55600825025 /* Build configuration list for PBXNativeTarget "MaddenRatings" */;
			buildPhases = (
				DC5A7F77224EE55400825025 /* Sources */,
				DC5A7F78224EE55400825025 /* Frameworks */,
				DC5A7F79224EE55400825025 /* Resources */,
			);
			buildRules = (
			);
			dependencies = (
			);
			name = MaddenRatings;
			productName = MaddenRatings;
			productReference = DC5A7F7B224EE55400825025 /* MaddenRatings.app */;
			productType = "com.apple.product-type.application";
		};
		DC5A7F91224EE55600825025 /* MaddenRatingsTests */ = {
			isa = PBXNativeTarget;
			buildConfigurationList = DC5A7FA9224EE55600825025 /* Build configuration list for PBXNativeTarget "MaddenRatingsTests" */;
			buildPhases = (
				DC5A7F8E224EE55600825025 /* Sources */,
				DC5A7F8F224EE55600825025 /* Frameworks */,
				DC5A7F90224EE55600825025 /* Resources */,
			);
			buildRules = (
			);
			dependencies = (
				DC5A7F94224EE55600825025 /* PBXTargetDependency */,
			);
			name = MaddenRatingsTests;
			productName = MaddenRatingsTests;
			productReference = DC5A7F92224EE55600825025 /* MaddenRatingsTests.xctest */;
			productType = "com.apple.product-type.bundle.unit-test";
		};
		DC5A7F9C224EE55600825025 /* MaddenRatingsUITests */ = {
			isa = PBXNativeTarget;
			buildConfigurationList = DC5A7FAC224EE55600825025 /* Build configuration list for PBXNativeTarget "MaddenRatingsUITests" */;
			buildPhases = (
				DC5A7F99224EE55600825025 /* Sources */,
				DC5A7F9A224EE55600825025 /* Frameworks */,
				DC5A7F9B224EE55600825025 /* Resources */,
			);
			buildRules = (
			);
			dependencies = (
				DC5A7F9F224EE55600825025 /* PBXTargetDependency */,
			);
			name = MaddenRatingsUITests;
			productName = MaddenRatingsUITests;
			productReference = DC5A7F9D224EE55600825025 /* MaddenRatingsUITests.xctest */;
			productType = "com.apple.product-type.bundle.ui-testing";
		};
/* End PBXNativeTarget section */

/* Begin PBXProject section */
		DC5A7F73224EE55400825025 /* Project object */ = {
			isa = PBXProject;
			attributes = {
				LastSwiftUpdateCheck = 1010;
				LastUpgradeCheck = 1010;
				ORGANIZATIONNAME = "Chief's Tips";
				TargetAttributes = {
					DC5A7F7A224EE55400825025 = {
						CreatedOnToolsVersion = 10.1;
					};
					DC5A7F91224EE55600825025 = {
						CreatedOnToolsVersion = 10.1;
						TestTargetID = DC5A7F7A224EE55400825025;
					};
					DC5A7F9C224EE55600825025 = {
						CreatedOnToolsVersion = 10.1;
						TestTargetID = DC5A7F7A224EE55400825025;
					};
				};
			};
			buildConfigurationList = DC5A7F76224EE55400825025 /* Build configuration list for PBXProject "MaddenRatings" */;
			compatibilityVersion = "Xcode 9.3";
			developmentRegion = en;
			hasScannedForEncodings = 0;
			knownRegions = (
				en,
				Base,
			);
			mainGroup = DC5A7F72224EE55400825025;
			productRefGroup = DC5A7F7C224EE55400825025 /* Products */;
			projectDirPath = "";
			projectRoot = "";
			targets = (
				DC5A7F7A224EE55400825025 /* MaddenRatings */,
				DC5A7F91224EE55600825025 /* MaddenRatingsTests */,
				DC5A7F9C224EE55600825025 /* MaddenRatingsUITests */,
			);
		};
/* End PBXProject section */

/* Begin PBXResourcesBuildPhase section */
		DC5A7F79224EE55400825025 /* Resources */ = {
			isa = PBXResourcesBuildPhase;
			buildActionMask = 2147483647;
			files = (
				DC5A7F8C224EE55500825025 /* LaunchScreen.storyboard in Resources */,
				DC5A7F89224EE55500825025 /* Assets.xcassets in Resources */,
				DC5A7F84224EE55400825025 /* Main.storyboard in Resources */,
			);
			runOnlyForDeploymentPostprocessing = 0;
		};
		DC5A7F90224EE55600825025 /* Resources */ = {
			isa = PBXResourcesBuildPhase;
			buildActionMask = 2147483647;
			files = (
			);
			runOnlyForDeploymentPostprocessing = 0;
		};
		DC5A7F9B224EE55600825025 /* Resources */ = {
			isa = PBXResourcesBuildPhase;
			buildActionMask = 2147483647;
			files = (
			);
			runOnlyForDeploymentPostprocessing = 0;
		};
/* End PBXResourcesBuildPhase section */

/* Begin PBXSourcesBuildPhase section */
		DC5A7F77224EE55400825025 /* Sources */ = {
			isa = PBXSourcesBuildPhase;
			buildActionMask = 2147483647;
			files = (
				DC5A7F87224EE55400825025 /* MaddenRatings.xcdatamodeld in Sources */,
				DC5A7FB6224EE8C100825025 /* UIImageViewExtension.swift in Sources */,
				DC5A7F81224EE55400825025 /* PlayersViewController.swift in Sources */,
				DC5A7FB2224EE80B00825025 /* PlayersViewModel.swift in Sources */,
				DC5A7FB0224EE63800825025 /* Roster.swift in Sources */,
				DC5A7F7F224EE55400825025 /* AppDelegate.swift in Sources */,
				DC5A7FB4224EE82A00825025 /* PlayerCollectionViewCell.swift in Sources */,
				DC5A7FB8224EE94500825025 /* Colours.swift in Sources */,
			);
			runOnlyForDeploymentPostprocessing = 0;
		};
		DC5A7F8E224EE55600825025 /* Sources */ = {
			isa = PBXSourcesBuildPhase;
			buildActionMask = 2147483647;
			files = (
				DC5A7F97224EE55600825025 /* MaddenRatingsTests.swift in Sources */,
			);
			runOnlyForDeploymentPostprocessing = 0;
		};
		DC5A7F99224EE55600825025 /* Sources */ = {
			isa = PBXSourcesBuildPhase;
			buildActionMask = 2147483647;
			files = (
				DC5A7FA2224EE55600825025 /* MaddenRatingsUITests.swift in Sources */,
			);
			runOnlyForDeploymentPostprocessing = 0;
		};
/* End PBXSourcesBuildPhase section */

/* Begin PBXTargetDependency section */
		DC5A7F94224EE55600825025 /* PBXTargetDependency */ = {
			isa = PBXTargetDependency;
			target = DC5A7F7A224EE55400825025 /* MaddenRatings */;
			targetProxy = DC5A7F93224EE55600825025 /* PBXContainerItemProxy */;
		};
		DC5A7F9F224EE55600825025 /* PBXTargetDependency */ = {
			isa = PBXTargetDependency;
			target = DC5A7F7A224EE55400825025 /* MaddenRatings */;
			targetProxy = DC5A7F9E224EE55600825025 /* PBXContainerItemProxy */;
		};
/* End PBXTargetDependency section */

/* Begin PBXVariantGroup section */
		DC5A7F82224EE55400825025 /* Main.storyboard */ = {
			isa = PBXVariantGroup;
			children = (
				DC5A7F83224EE55400825025 /* Base */,
			);
			name = Main.storyboard;
			sourceTree = "<group>";
		};
		DC5A7F8A224EE55500825025 /* LaunchScreen.storyboard */ = {
			isa = PBXVariantGroup;
			children = (
				DC5A7F8B224EE55500825025 /* Base */,
			);
			name = LaunchScreen.storyboard;
			sourceTree = "<group>";
		};
/* End PBXVariantGroup section */

/* Begin XCBuildConfiguration section */
		DC5A7FA4224EE55600825025 /* Debug */ = {
			isa = XCBuildConfiguration;
			buildSettings = {
				ALWAYS_SEARCH_USER_PATHS = NO;
				CLANG_ANALYZER_NONNULL = YES;
				CLANG_ANALYZER_NUMBER_OBJECT_CONVERSION = YES_AGGRESSIVE;
				CLANG_CXX_LANGUAGE_STANDARD = "gnu++14";
				CLANG_CXX_LIBRARY = "libc++";
				CLANG_ENABLE_MODULES = YES;
				CLANG_ENABLE_OBJC_ARC = YES;
				CLANG_ENABLE_OBJC_WEAK = YES;
				CLANG_WARN_BLOCK_CAPTURE_AUTORELEASING = YES;
				CLANG_WARN_BOOL_CONVERSION = YES;
				CLANG_WARN_COMMA = YES;
				CLANG_WARN_CONSTANT_CONVERSION = YES;
				CLANG_WARN_DEPRECATED_OBJC_IMPLEMENTATIONS = YES;
				CLANG_WARN_DIRECT_OBJC_ISA_USAGE = YES_ERROR;
				CLANG_WARN_DOCUMENTATION_COMMENTS = YES;
				CLANG_WARN_EMPTY_BODY = YES;
				CLANG_WARN_ENUM_CONVERSION = YES;
				CLANG_WARN_INFINITE_RECURSION = YES;
				CLANG_WARN_INT_CONVERSION = YES;
				CLANG_WARN_NON_LITERAL_NULL_CONVERSION = YES;
				CLANG_WARN_OBJC_IMPLICIT_RETAIN_SELF = YES;
				CLANG_WARN_OBJC_LITERAL_CONVERSION = YES;
				CLANG_WARN_OBJC_ROOT_CLASS = YES_ERROR;
				CLANG_WARN_RANGE_LOOP_ANALYSIS = YES;
				CLANG_WARN_STRICT_PROTOTYPES = YES;
				CLANG_WARN_SUSPICIOUS_MOVE = YES;
				CLANG_WARN_UNGUARDED_AVAILABILITY = YES_AGGRESSIVE;
				CLANG_WARN_UNREACHABLE_CODE = YES;
				CLANG_WARN__DUPLICATE_METHOD_MATCH = YES;
				CODE_SIGN_IDENTITY = "iPhone Developer";
				COPY_PHASE_STRIP = NO;
				DEBUG_INFORMATION_FORMAT = dwarf;
				ENABLE_STRICT_OBJC_MSGSEND = YES;
				ENABLE_TESTABILITY = YES;
				GCC_C_LANGUAGE_STANDARD = gnu11;
				GCC_DYNAMIC_NO_PIC = NO;
				GCC_NO_COMMON_BLOCKS = YES;
				GCC_OPTIMIZATION_LEVEL = 0;
				GCC_PREPROCESSOR_DEFINITIONS = (
					"DEBUG=1",
					"$(inherited)",
				);
				GCC_WARN_64_TO_32_BIT_CONVERSION = YES;
				GCC_WARN_ABOUT_RETURN_TYPE = YES_ERROR;
				GCC_WARN_UNDECLARED_SELECTOR = YES;
				GCC_WARN_UNINITIALIZED_AUTOS = YES_AGGRESSIVE;
				GCC_WARN_UNUSED_FUNCTION = YES;
				GCC_WARN_UNUSED_VARIABLE = YES;
				IPHONEOS_DEPLOYMENT_TARGET = 12.1;
				MTL_ENABLE_DEBUG_INFO = INCLUDE_SOURCE;
				MTL_FAST_MATH = YES;
				ONLY_ACTIVE_ARCH = YES;
				SDKROOT = iphoneos;
				SWIFT_ACTIVE_COMPILATION_CONDITIONS = DEBUG;
				SWIFT_OPTIMIZATION_LEVEL = "-Onone";
			};
			name = Debug;
		};
		DC5A7FA5224EE55600825025 /* Release */ = {
			isa = XCBuildConfiguration;
			buildSettings = {
				ALWAYS_SEARCH_USER_PATHS = NO;
				CLANG_ANALYZER_NONNULL = YES;
				CLANG_ANALYZER_NUMBER_OBJECT_CONVERSION = YES_AGGRESSIVE;
				CLANG_CXX_LANGUAGE_STANDARD = "gnu++14";
				CLANG_CXX_LIBRARY = "libc++";
				CLANG_ENABLE_MODULES = YES;
				CLANG_ENABLE_OBJC_ARC = YES;
				CLANG_ENABLE_OBJC_WEAK = YES;
				CLANG_WARN_BLOCK_CAPTURE_AUTORELEASING = YES;
				CLANG_WARN_BOOL_CONVERSION = YES;
				CLANG_WARN_COMMA = YES;
				CLANG_WARN_CONSTANT_CONVERSION = YES;
				CLANG_WARN_DEPRECATED_OBJC_IMPLEMENTATIONS = YES;
				CLANG_WARN_DIRECT_OBJC_ISA_USAGE = YES_ERROR;
				CLANG_WARN_DOCUMENTATION_COMMENTS = YES;
				CLANG_WARN_EMPTY_BODY = YES;
				CLANG_WARN_ENUM_CONVERSION = YES;
				CLANG_WARN_INFINITE_RECURSION = YES;
				CLANG_WARN_INT_CONVERSION = YES;
				CLANG_WARN_NON_LITERAL_NULL_CONVERSION = YES;
				CLANG_WARN_OBJC_IMPLICIT_RETAIN_SELF = YES;
				CLANG_WARN_OBJC_LITERAL_CONVERSION = YES;
				CLANG_WARN_OBJC_ROOT_CLASS = YES_ERROR;
				CLANG_WARN_RANGE_LOOP_ANALYSIS = YES;
				CLANG_WARN_STRICT_PROTOTYPES = YES;
				CLANG_WARN_SUSPICIOUS_MOVE = YES;
				CLANG_WARN_UNGUARDED_AVAILABILITY = YES_AGGRESSIVE;
				CLANG_WARN_UNREACHABLE_CODE = YES;
				CLANG_WARN__DUPLICATE_METHOD_MATCH = YES;
				CODE_SIGN_IDENTITY = "iPhone Developer";
				COPY_PHASE_STRIP = NO;
				DEBUG_INFORMATION_FORMAT = "dwarf-with-dsym";
				ENABLE_NS_ASSERTIONS = NO;
				ENABLE_STRICT_OBJC_MSGSEND = YES;
				GCC_C_LANGUAGE_STANDARD = gnu11;
				GCC_NO_COMMON_BLOCKS = YES;
				GCC_WARN_64_TO_32_BIT_CONVERSION = YES;
				GCC_WARN_ABOUT_RETURN_TYPE = YES_ERROR;
				GCC_WARN_UNDECLARED_SELECTOR = YES;
				GCC_WARN_UNINITIALIZED_AUTOS = YES_AGGRESSIVE;
				GCC_WARN_UNUSED_FUNCTION = YES;
				GCC_WARN_UNUSED_VARIABLE = YES;
				IPHONEOS_DEPLOYMENT_TARGET = 12.1;
				MTL_ENABLE_DEBUG_INFO = NO;
				MTL_FAST_MATH = YES;
				SDKROOT = iphoneos;
				SWIFT_COMPILATION_MODE = wholemodule;
				SWIFT_OPTIMIZATION_LEVEL = "-O";
				VALIDATE_PRODUCT = YES;
			};
			name = Release;
		};
		DC5A7FA7224EE55600825025 /* Debug */ = {
			isa = XCBuildConfiguration;
			buildSettings = {
				ASSETCATALOG_COMPILER_APPICON_NAME = AppIcon;
				CODE_SIGN_STYLE = Automatic;
				DEVELOPMENT_TEAM = 84FXX8WN3N;
				INFOPLIST_FILE = MaddenRatings/Info.plist;
				LD_RUNPATH_SEARCH_PATHS = (
					"$(inherited)",
					"@executable_path/Frameworks",
				);
				PRODUCT_BUNDLE_IDENTIFIER = tips.chiefs.MaddenRatings;
				PRODUCT_NAME = "$(TARGET_NAME)";
				SWIFT_VERSION = 4.2;
				TARGETED_DEVICE_FAMILY = "1,2";
			};
			name = Debug;
		};
		DC5A7FA8224EE55600825025 /* Release */ = {
			isa = XCBuildConfiguration;
			buildSettings = {
				ASSETCATALOG_COMPILER_APPICON_NAME = AppIcon;
				CODE_SIGN_STYLE = Automatic;
				DEVELOPMENT_TEAM = 84FXX8WN3N;
				INFOPLIST_FILE = MaddenRatings/Info.plist;
				LD_RUNPATH_SEARCH_PATHS = (
					"$(inherited)",
					"@executable_path/Frameworks",
				);
				PRODUCT_BUNDLE_IDENTIFIER = tips.chiefs.MaddenRatings;
				PRODUCT_NAME = "$(TARGET_NAME)";
				SWIFT_VERSION = 4.2;
				TARGETED_DEVICE_FAMILY = "1,2";
			};
			name = Release;
		};
		DC5A7FAA224EE55600825025 /* Debug */ = {
			isa = XCBuildConfiguration;
			buildSettings = {
				ALWAYS_EMBED_SWIFT_STANDARD_LIBRARIES = YES;
				BUNDLE_LOADER = "$(TEST_HOST)";
				CODE_SIGN_STYLE = Automatic;
				DEVELOPMENT_TEAM = 84FXX8WN3N;
				INFOPLIST_FILE = MaddenRatingsTests/Info.plist;
				LD_RUNPATH_SEARCH_PATHS = (
					"$(inherited)",
					"@executable_path/Frameworks",
					"@loader_path/Frameworks",
				);
				PRODUCT_BUNDLE_IDENTIFIER = tips.chiefs.MaddenRatingsTests;
				PRODUCT_NAME = "$(TARGET_NAME)";
				SWIFT_VERSION = 4.2;
				TARGETED_DEVICE_FAMILY = "1,2";
				TEST_HOST = "$(BUILT_PRODUCTS_DIR)/MaddenRatings.app/MaddenRatings";
			};
			name = Debug;
		};
		DC5A7FAB224EE55600825025 /* Release */ = {
			isa = XCBuildConfiguration;
			buildSettings = {
				ALWAYS_EMBED_SWIFT_STANDARD_LIBRARIES = YES;
				BUNDLE_LOADER = "$(TEST_HOST)";
				CODE_SIGN_STYLE = Automatic;
				DEVELOPMENT_TEAM = 84FXX8WN3N;
				INFOPLIST_FILE = MaddenRatingsTests/Info.plist;
				LD_RUNPATH_SEARCH_PATHS = (
					"$(inherited)",
					"@executable_path/Frameworks",
					"@loader_path/Frameworks",
				);
				PRODUCT_BUNDLE_IDENTIFIER = tips.chiefs.MaddenRatingsTests;
				PRODUCT_NAME = "$(TARGET_NAME)";
				SWIFT_VERSION = 4.2;
				TARGETED_DEVICE_FAMILY = "1,2";
				TEST_HOST = "$(BUILT_PRODUCTS_DIR)/MaddenRatings.app/MaddenRatings";
			};
			name = Release;
		};
		DC5A7FAD224EE55600825025 /* Debug */ = {
			isa = XCBuildConfiguration;
			buildSettings = {
				ALWAYS_EMBED_SWIFT_STANDARD_LIBRARIES = YES;
				CODE_SIGN_STYLE = Automatic;
				DEVELOPMENT_TEAM = 84FXX8WN3N;
				INFOPLIST_FILE = MaddenRatingsUITests/Info.plist;
				LD_RUNPATH_SEARCH_PATHS = (
					"$(inherited)",
					"@executable_path/Frameworks",
					"@loader_path/Frameworks",
				);
				PRODUCT_BUNDLE_IDENTIFIER = tips.chiefs.MaddenRatingsUITests;
				PRODUCT_NAME = "$(TARGET_NAME)";
				SWIFT_VERSION = 4.2;
				TARGETED_DEVICE_FAMILY = "1,2";
				TEST_TARGET_NAME = MaddenRatings;
			};
			name = Debug;
		};
		DC5A7FAE224EE55600825025 /* Release */ = {
			isa = XCBuildConfiguration;
			buildSettings = {
				ALWAYS_EMBED_SWIFT_STANDARD_LIBRARIES = YES;
				CODE_SIGN_STYLE = Automatic;
				DEVELOPMENT_TEAM = 84FXX8WN3N;
				INFOPLIST_FILE = MaddenRatingsUITests/Info.plist;
				LD_RUNPATH_SEARCH_PATHS = (
					"$(inherited)",
					"@executable_path/Frameworks",
					"@loader_path/Frameworks",
				);
				PRODUCT_BUNDLE_IDENTIFIER = tips.chiefs.MaddenRatingsUITests;
				PRODUCT_NAME = "$(TARGET_NAME)";
				SWIFT_VERSION = 4.2;
				TARGETED_DEVICE_FAMILY = "1,2";
				TEST_TARGET_NAME = MaddenRatings;
			};
			name = Release;
		};
/* End XCBuildConfiguration section */

/* Begin XCConfigurationList section */
		DC5A7F76224EE55400825025 /* Build configuration list for PBXProject "MaddenRatings" */ = {
			isa = XCConfigurationList;
			buildConfigurations = (
				DC5A7FA4224EE55600825025 /* Debug */,
				DC5A7FA5224EE55600825025 /* Release */,
			);
			defaultConfigurationIsVisible = 0;
			defaultConfigurationName = Release;
		};
		DC5A7FA6224EE55600825025 /* Build configuration list for PBXNativeTarget "MaddenRatings" */ = {
			isa = XCConfigurationList;
			buildConfigurations = (
				DC5A7FA7224EE55600825025 /* Debug */,
				DC5A7FA8224EE55600825025 /* Release */,
			);
			defaultConfigurationIsVisible = 0;
			defaultConfigurationName = Release;
		};
		DC5A7FA9224EE55600825025 /* Build configuration list for PBXNativeTarget "MaddenRatingsTests" */ = {
			isa = XCConfigurationList;
			buildConfigurations = (
				DC5A7FAA224EE55600825025 /* Debug */,
				DC5A7FAB224EE55600825025 /* Release */,
			);
			defaultConfigurationIsVisible = 0;
			defaultConfigurationName = Release;
		};
		DC5A7FAC224EE55600825025 /* Build configuration list for PBXNativeTarget "MaddenRatingsUITests" */ = {
			isa = XCConfigurationList;
			buildConfigurations = (
				DC5A7FAD224EE55600825025 /* Debug */,
				DC5A7FAE224EE55600825025 /* Release */,
			);
			defaultConfigurationIsVisible = 0;
			defaultConfigurationName = Release;
		};
/* End XCConfigurationList section */

/* Begin XCVersionGroup section */
		DC5A7F85224EE55400825025 /* MaddenRatings.xcdatamodeld */ = {
			isa = XCVersionGroup;
			children = (
				DC5A7F86224EE55400825025 /* MaddenRatings.xcdatamodel */,
			);
			currentVersion = DC5A7F86224EE55400825025 /* MaddenRatings.xcdatamodel */;
			path = MaddenRatings.xcdatamodeld;
			sourceTree = "<group>";
			versionGroupType = wrapper.xcdatamodel;
		};
/* End XCVersionGroup section */
	};
	rootObject = DC5A7F73224EE55400825025 /* Project object */;
}
